
Microsoft Visual Studio Solution File, Format Version 12.00
# Visual Studio Version 16
VisualStudioVersion = 16.0.31702.278
MinimumVisualStudioVersion = 10.0.40219.1
Project("{FAE04EC0-301F-11D3-BF4B-00C04F79EFBC}") = "ScrapeLibrary", "ScrapeLibrary\ScrapeLibrary.csproj", "{9B9BA546-5450-4D27-940A-D14D86318BDD}"
EndProject
Project("{FAE04EC0-301F-11D3-BF4B-00C04F79EFBC}") = "ScrapeClient", "ScrapeClient\ScrapeClient.csproj", "{30B242A2-1382-4496-B09A-B9DDC74E129D}"
EndProject
Global
	GlobalSection(SolutionConfigurationPlatforms) = preSolution
		Debug|Any CPU = Debug|Any CPU
		Release|Any CPU = Release|Any CPU
	EndGlobalSection
	GlobalSection(ProjectConfigurationPlatforms) = postSolution
		{9B9BA546-5450-4D27-940A-D14D86318BDD}.Debug|Any CPU.ActiveCfg = Debug|Any CPU
		{9B9BA546-5450-4D27-940A-D14D86318BDD}.Debug|Any CPU.Build.0 = Debug|Any CPU
		{9B9BA546-5450-4D27-940A-D14D86318BDD}.Release|Any CPU.ActiveCfg = Release|Any CPU
		{9B9BA546-5450-4D27-940A-D14D86318BDD}.Release|Any CPU.Build.0 = Release|Any CPU
		{30B242A2-1382-4496-B09A-B9DDC74E129D}.Debug|Any CPU.ActiveCfg = Debug|Any CPU
		{30B242A2-1382-4496-B09A-B9DDC74E129D}.Debug|Any CPU.Build.0 = Debug|Any CPU
		{30B242A2-1382-4496-B09A-B9DDC74E129D}.Release|Any CPU.ActiveCfg = Release|Any CPU
		{30B242A2-1382-4496-B09A-B9DDC74E129D}.Release|Any CPU.Build.0 = Release|Any CPU
	EndGlobalSection
	GlobalSection(SolutionProperties) = preSolution
		HideSolutionNode = FALSE
	EndGlobalSection
	GlobalSection(ExtensibilityGlobals) = postSolution
		SolutionGuid = {60373C0E-7108-4CD8-B7EF-EB9056379E1C}
	EndGlobalSection
EndGlobal
